// !$*UTF8*$!
{
	archiveVersion = 1;
	classes = {
	};
	objectVersion = 51;
	objects = {

/* Begin PBXBuildFile section */
		AB3A46189CC09B1478E63DB9 /* Pods_GithubRxSample.framework in Frameworks */ = {isa = PBXBuildFile; fileRef = 741BDE0FBBBE7A97146BE101 /* Pods_GithubRxSample.framework */; };
		D0D08405247D389A00611245 /* AppDelegate.swift in Sources */ = {isa = PBXBuildFile; fileRef = D0D08404247D389A00611245 /* AppDelegate.swift */; };
		D0D08407247D389A00611245 /* SceneDelegate.swift in Sources */ = {isa = PBXBuildFile; fileRef = D0D08406247D389A00611245 /* SceneDelegate.swift */; };
		D0D0840C247D389A00611245 /* Main.storyboard in Resources */ = {isa = PBXBuildFile; fileRef = D0D0840A247D389A00611245 /* Main.storyboard */; };
		D0D0840E247D389B00611245 /* Assets.xcassets in Resources */ = {isa = PBXBuildFile; fileRef = D0D0840D247D389B00611245 /* Assets.xcassets */; };
		D0D08411247D389B00611245 /* LaunchScreen.storyboard in Resources */ = {isa = PBXBuildFile; fileRef = D0D0840F247D389B00611245 /* LaunchScreen.storyboard */; };
		D0D0841B247D3A8000611245 /* LanguageViewController.swift in Sources */ = {isa = PBXBuildFile; fileRef = D0D0841A247D3A8000611245 /* LanguageViewController.swift */; };
		D0D0841D247D3A9D00611245 /* ListViewController.swift in Sources */ = {isa = PBXBuildFile; fileRef = D0D0841C247D3A9D00611245 /* ListViewController.swift */; };
		D0D0841F247D3AAD00611245 /* DescriptionViewController.swift in Sources */ = {isa = PBXBuildFile; fileRef = D0D0841E247D3AAD00611245 /* DescriptionViewController.swift */; };
		D0D08422247D3B5C00611245 /* LanguageViewModel.swift in Sources */ = {isa = PBXBuildFile; fileRef = D0D08421247D3B5C00611245 /* LanguageViewModel.swift */; };
		D0D08424247D3B7B00611245 /* ListViewModel.swift in Sources */ = {isa = PBXBuildFile; fileRef = D0D08423247D3B7B00611245 /* ListViewModel.swift */; };
		D0D08426247D3B8D00611245 /* DescriptionViewModel.swift in Sources */ = {isa = PBXBuildFile; fileRef = D0D08425247D3B8D00611245 /* DescriptionViewModel.swift */; };
		D0D08428247D3C3E00611245 /* Navigator.swift in Sources */ = {isa = PBXBuildFile; fileRef = D0D08427247D3C3E00611245 /* Navigator.swift */; };
		D0D0842B247D3E1600611245 /* UIStoryboard+.swift in Sources */ = {isa = PBXBuildFile; fileRef = D0D0842A247D3E1600611245 /* UIStoryboard+.swift */; };
/* End PBXBuildFile section */

/* Begin PBXFileReference section */
		6D841E8621ECE9A665C944A1 /* Pods-GithubRxSample.release.xcconfig */ = {isa = PBXFileReference; includeInIndex = 1; lastKnownFileType = text.xcconfig; name = "Pods-GithubRxSample.release.xcconfig"; path = "Target Support Files/Pods-GithubRxSample/Pods-GithubRxSample.release.xcconfig"; sourceTree = "<group>"; };
		741BDE0FBBBE7A97146BE101 /* Pods_GithubRxSample.framework */ = {isa = PBXFileReference; explicitFileType = wrapper.framework; includeInIndex = 0; path = Pods_GithubRxSample.framework; sourceTree = BUILT_PRODUCTS_DIR; };
		8D69353C8A99196F2BA972D6 /* Pods-GithubRxSample.debug.xcconfig */ = {isa = PBXFileReference; includeInIndex = 1; lastKnownFileType = text.xcconfig; name = "Pods-GithubRxSample.debug.xcconfig"; path = "Target Support Files/Pods-GithubRxSample/Pods-GithubRxSample.debug.xcconfig"; sourceTree = "<group>"; };
		D0D08401247D389A00611245 /* GithubRxSample.app */ = {isa = PBXFileReference; explicitFileType = wrapper.application; includeInIndex = 0; path = GithubRxSample.app; sourceTree = BUILT_PRODUCTS_DIR; };
		D0D08404247D389A00611245 /* AppDelegate.swift */ = {isa = PBXFileReference; lastKnownFileType = sourcecode.swift; path = AppDelegate.swift; sourceTree = "<group>"; };
		D0D08406247D389A00611245 /* SceneDelegate.swift */ = {isa = PBXFileReference; lastKnownFileType = sourcecode.swift; path = SceneDelegate.swift; sourceTree = "<group>"; };
		D0D0840B247D389A00611245 /* Base */ = {isa = PBXFileReference; lastKnownFileType = file.storyboard; name = Base; path = Base.lproj/Main.storyboard; sourceTree = "<group>"; };
		D0D0840D247D389B00611245 /* Assets.xcassets */ = {isa = PBXFileReference; lastKnownFileType = folder.assetcatalog; path = Assets.xcassets; sourceTree = "<group>"; };
		D0D08410247D389B00611245 /* Base */ = {isa = PBXFileReference; lastKnownFileType = file.storyboard; name = Base; path = Base.lproj/LaunchScreen.storyboard; sourceTree = "<group>"; };
		D0D08412247D389B00611245 /* Info.plist */ = {isa = PBXFileReference; lastKnownFileType = text.plist.xml; path = Info.plist; sourceTree = "<group>"; };
		D0D0841A247D3A8000611245 /* LanguageViewController.swift */ = {isa = PBXFileReference; lastKnownFileType = sourcecode.swift; path = LanguageViewController.swift; sourceTree = "<group>"; };
		D0D0841C247D3A9D00611245 /* ListViewController.swift */ = {isa = PBXFileReference; lastKnownFileType = sourcecode.swift; path = ListViewController.swift; sourceTree = "<group>"; };
		D0D0841E247D3AAD00611245 /* DescriptionViewController.swift */ = {isa = PBXFileReference; lastKnownFileType = sourcecode.swift; path = DescriptionViewController.swift; sourceTree = "<group>"; };
		D0D08421247D3B5C00611245 /* LanguageViewModel.swift */ = {isa = PBXFileReference; lastKnownFileType = sourcecode.swift; path = LanguageViewModel.swift; sourceTree = "<group>"; };
		D0D08423247D3B7B00611245 /* ListViewModel.swift */ = {isa = PBXFileReference; lastKnownFileType = sourcecode.swift; path = ListViewModel.swift; sourceTree = "<group>"; };
		D0D08425247D3B8D00611245 /* DescriptionViewModel.swift */ = {isa = PBXFileReference; lastKnownFileType = sourcecode.swift; path = DescriptionViewModel.swift; sourceTree = "<group>"; };
		D0D08427247D3C3E00611245 /* Navigator.swift */ = {isa = PBXFileReference; lastKnownFileType = sourcecode.swift; path = Navigator.swift; sourceTree = "<group>"; };
		D0D0842A247D3E1600611245 /* UIStoryboard+.swift */ = {isa = PBXFileReference; lastKnownFileType = sourcecode.swift; path = "UIStoryboard+.swift"; sourceTree = "<group>"; };
/* End PBXFileReference section */

/* Begin PBXFrameworksBuildPhase section */
		D0D083FE247D389A00611245 /* Frameworks */ = {
			isa = PBXFrameworksBuildPhase;
			buildActionMask = 2147483647;
			files = (
				AB3A46189CC09B1478E63DB9 /* Pods_GithubRxSample.framework in Frameworks */,
			);
			runOnlyForDeploymentPostprocessing = 0;
		};
/* End PBXFrameworksBuildPhase section */

/* Begin PBXGroup section */
		7C2A5DBF2CBAA8546801ED47 /* Frameworks */ = {
			isa = PBXGroup;
			children = (
				741BDE0FBBBE7A97146BE101 /* Pods_GithubRxSample.framework */,
			);
			name = Frameworks;
			sourceTree = "<group>";
		};
		B08FA5220B3ACE211CB17896 /* Pods */ = {
			isa = PBXGroup;
			children = (
				8D69353C8A99196F2BA972D6 /* Pods-GithubRxSample.debug.xcconfig */,
				6D841E8621ECE9A665C944A1 /* Pods-GithubRxSample.release.xcconfig */,
			);
			path = Pods;
			sourceTree = "<group>";
		};
		D0D083F8247D389A00611245 = {
			isa = PBXGroup;
			children = (
				D0D08403247D389A00611245 /* GithubRxSample */,
				D0D08402247D389A00611245 /* Products */,
				B08FA5220B3ACE211CB17896 /* Pods */,
				7C2A5DBF2CBAA8546801ED47 /* Frameworks */,
			);
			sourceTree = "<group>";
		};
		D0D08402247D389A00611245 /* Products */ = {
			isa = PBXGroup;
			children = (
				D0D08401247D389A00611245 /* GithubRxSample.app */,
			);
			name = Products;
			sourceTree = "<group>";
		};
		D0D08403247D389A00611245 /* GithubRxSample */ = {
			isa = PBXGroup;
			children = (
				D0D08404247D389A00611245 /* AppDelegate.swift */,
				D0D08406247D389A00611245 /* SceneDelegate.swift */,
				D0D08427247D3C3E00611245 /* Navigator.swift */,
				D0D08429247D3DFC00611245 /* Extensions */,
				D0D08419247D3A6500611245 /* ViewControllers */,
				D0D08420247D3B4800611245 /* ViewModels */,
				D0D08418247D3A2200611245 /* Assets */,
			);
			path = GithubRxSample;
			sourceTree = "<group>";
		};
		D0D08418247D3A2200611245 /* Assets */ = {
			isa = PBXGroup;
			children = (
				D0D0840A247D389A00611245 /* Main.storyboard */,
				D0D0840F247D389B00611245 /* LaunchScreen.storyboard */,
				D0D0840D247D389B00611245 /* Assets.xcassets */,
				D0D08412247D389B00611245 /* Info.plist */,
			);
			path = Assets;
			sourceTree = "<group>";
		};
		D0D08419247D3A6500611245 /* ViewControllers */ = {
			isa = PBXGroup;
			children = (
				D0D0841A247D3A8000611245 /* LanguageViewController.swift */,
				D0D0841C247D3A9D00611245 /* ListViewController.swift */,
				D0D0841E247D3AAD00611245 /* DescriptionViewController.swift */,
			);
			path = ViewControllers;
			sourceTree = "<group>";
		};
		D0D08420247D3B4800611245 /* ViewModels */ = {
			isa = PBXGroup;
			children = (
				D0D08421247D3B5C00611245 /* LanguageViewModel.swift */,
				D0D08423247D3B7B00611245 /* ListViewModel.swift */,
				D0D08425247D3B8D00611245 /* DescriptionViewModel.swift */,
			);
			path = ViewModels;
			sourceTree = "<group>";
		};
		D0D08429247D3DFC00611245 /* Extensions */ = {
			isa = PBXGroup;
			children = (
				D0D0842A247D3E1600611245 /* UIStoryboard+.swift */,
			);
			path = Extensions;
			sourceTree = "<group>";
		};
/* End PBXGroup section */

/* Begin PBXNativeTarget section */
		D0D08400247D389A00611245 /* GithubRxSample */ = {
			isa = PBXNativeTarget;
			buildConfigurationList = D0D08415247D389B00611245 /* Build configuration list for PBXNativeTarget "GithubRxSample" */;
			buildPhases = (
				2C8274979F704773EBAB3380 /* [CP] Check Pods Manifest.lock */,
				D0D083FD247D389A00611245 /* Sources */,
				D0D083FE247D389A00611245 /* Frameworks */,
				D0D083FF247D389A00611245 /* Resources */,
				0B2FA107DB8C910BC177984D /* [CP] Embed Pods Frameworks */,
			);
			buildRules = (
			);
			dependencies = (
			);
			name = GithubRxSample;
			productName = GithubRxSample;
			productReference = D0D08401247D389A00611245 /* GithubRxSample.app */;
			productType = "com.apple.product-type.application";
		};
/* End PBXNativeTarget section */

/* Begin PBXProject section */
		D0D083F9247D389A00611245 /* Project object */ = {
			isa = PBXProject;
			attributes = {
				LastSwiftUpdateCheck = 1130;
				LastUpgradeCheck = 1130;
				ORGANIZATIONNAME = "Alexander Krylov";
				TargetAttributes = {
					D0D08400247D389A00611245 = {
						CreatedOnToolsVersion = 11.3.1;
					};
				};
			};
			buildConfigurationList = D0D083FC247D389A00611245 /* Build configuration list for PBXProject "GithubRxSample" */;
			compatibilityVersion = "Xcode 9.3";
			developmentRegion = en;
			hasScannedForEncodings = 0;
			knownRegions = (
				en,
				Base,
			);
			mainGroup = D0D083F8247D389A00611245;
			productRefGroup = D0D08402247D389A00611245 /* Products */;
			projectDirPath = "";
			projectRoot = "";
			targets = (
				D0D08400247D389A00611245 /* GithubRxSample */,
			);
		};
/* End PBXProject section */

/* Begin PBXResourcesBuildPhase section */
		D0D083FF247D389A00611245 /* Resources */ = {
			isa = PBXResourcesBuildPhase;
			buildActionMask = 2147483647;
			files = (
				D0D08411247D389B00611245 /* LaunchScreen.storyboard in Resources */,
				D0D0840E247D389B00611245 /* Assets.xcassets in Resources */,
				D0D0840C247D389A00611245 /* Main.storyboard in Resources */,
			);
			runOnlyForDeploymentPostprocessing = 0;
		};
/* End PBXResourcesBuildPhase section */

/* Begin PBXShellScriptBuildPhase section */
		0B2FA107DB8C910BC177984D /* [CP] Embed Pods Frameworks */ = {
			isa = PBXShellScriptBuildPhase;
			buildActionMask = 2147483647;
			files = (
			);
			inputFileListPaths = (
				"${PODS_ROOT}/Target Support Files/Pods-GithubRxSample/Pods-GithubRxSample-frameworks-${CONFIGURATION}-input-files.xcfilelist",
			);
			name = "[CP] Embed Pods Frameworks";
			outputFileListPaths = (
				"${PODS_ROOT}/Target Support Files/Pods-GithubRxSample/Pods-GithubRxSample-frameworks-${CONFIGURATION}-output-files.xcfilelist",
			);
			runOnlyForDeploymentPostprocessing = 0;
			shellPath = /bin/sh;
			shellScript = "\"${PODS_ROOT}/Target Support Files/Pods-GithubRxSample/Pods-GithubRxSample-frameworks.sh\"\n";
			showEnvVarsInLog = 0;
		};
		2C8274979F704773EBAB3380 /* [CP] Check Pods Manifest.lock */ = {
			isa = PBXShellScriptBuildPhase;
			buildActionMask = 2147483647;
			files = (
			);
			inputFileListPaths = (
			);
			inputPaths = (
				"${PODS_PODFILE_DIR_PATH}/Podfile.lock",
				"${PODS_ROOT}/Manifest.lock",
			);
			name = "[CP] Check Pods Manifest.lock";
			outputFileListPaths = (
			);
			outputPaths = (
				"$(DERIVED_FILE_DIR)/Pods-GithubRxSample-checkManifestLockResult.txt",
			);
			runOnlyForDeploymentPostprocessing = 0;
			shellPath = /bin/sh;
			shellScript = "diff \"${PODS_PODFILE_DIR_PATH}/Podfile.lock\" \"${PODS_ROOT}/Manifest.lock\" > /dev/null\nif [ $? != 0 ] ; then\n    # print error to STDERR\n    echo \"error: The sandbox is not in sync with the Podfile.lock. Run 'pod install' or update your CocoaPods installation.\" >&2\n    exit 1\nfi\n# This output is used by Xcode 'outputs' to avoid re-running this script phase.\necho \"SUCCESS\" > \"${SCRIPT_OUTPUT_FILE_0}\"\n";
			showEnvVarsInLog = 0;
		};
/* End PBXShellScriptBuildPhase section */

/* Begin PBXSourcesBuildPhase section */
		D0D083FD247D389A00611245 /* Sources */ = {
			isa = PBXSourcesBuildPhase;
			buildActionMask = 2147483647;
			files = (
				D0D0842B247D3E1600611245 /* UIStoryboard+.swift in Sources */,
				D0D08405247D389A00611245 /* AppDelegate.swift in Sources */,
				D0D08407247D389A00611245 /* SceneDelegate.swift in Sources */,
				D0D08428247D3C3E00611245 /* Navigator.swift in Sources */,
				D0D08424247D3B7B00611245 /* ListViewModel.swift in Sources */,
				D0D0841D247D3A9D00611245 /* ListViewController.swift in Sources */,
				D0D0841F247D3AAD00611245 /* DescriptionViewController.swift in Sources */,
				D0D08426247D3B8D00611245 /* DescriptionViewModel.swift in Sources */,
				D0D08422247D3B5C00611245 /* LanguageViewModel.swift in Sources */,
				D0D0841B247D3A8000611245 /* LanguageViewController.swift in Sources */,
			);
			runOnlyForDeploymentPostprocessing = 0;
		};
/* End PBXSourcesBuildPhase section */

/* Begin PBXVariantGroup section */
		D0D0840A247D389A00611245 /* Main.storyboard */ = {
			isa = PBXVariantGroup;
			children = (
				D0D0840B247D389A00611245 /* Base */,
			);
			name = Main.storyboard;
			sourceTree = "<group>";
		};
		D0D0840F247D389B00611245 /* LaunchScreen.storyboard */ = {
			isa = PBXVariantGroup;
			children = (
				D0D08410247D389B00611245 /* Base */,
			);
			name = LaunchScreen.storyboard;
			sourceTree = "<group>";
		};
/* End PBXVariantGroup section */

/* Begin XCBuildConfiguration section */
		D0D08413247D389B00611245 /* Debug */ = {
			isa = XCBuildConfiguration;
			buildSettings = {
				ALWAYS_SEARCH_USER_PATHS = NO;
				CLANG_ANALYZER_NONNULL = YES;
				CLANG_ANALYZER_NUMBER_OBJECT_CONVERSION = YES_AGGRESSIVE;
				CLANG_CXX_LANGUAGE_STANDARD = "gnu++14";
				CLANG_CXX_LIBRARY = "libc++";
				CLANG_ENABLE_MODULES = YES;
				CLANG_ENABLE_OBJC_ARC = YES;
				CLANG_ENABLE_OBJC_WEAK = YES;
				CLANG_WARN_BLOCK_CAPTURE_AUTORELEASING = YES;
				CLANG_WARN_BOOL_CONVERSION = YES;
				CLANG_WARN_COMMA = YES;
				CLANG_WARN_CONSTANT_CONVERSION = YES;
				CLANG_WARN_DEPRECATED_OBJC_IMPLEMENTATIONS = YES;
				CLANG_WARN_DIRECT_OBJC_ISA_USAGE = YES_ERROR;
				CLANG_WARN_DOCUMENTATION_COMMENTS = YES;
				CLANG_WARN_EMPTY_BODY = YES;
				CLANG_WARN_ENUM_CONVERSION = YES;
				CLANG_WARN_INFINITE_RECURSION = YES;
				CLANG_WARN_INT_CONVERSION = YES;
				CLANG_WARN_NON_LITERAL_NULL_CONVERSION = YES;
				CLANG_WARN_OBJC_IMPLICIT_RETAIN_SELF = YES;
				CLANG_WARN_OBJC_LITERAL_CONVERSION = YES;
				CLANG_WARN_OBJC_ROOT_CLASS = YES_ERROR;
				CLANG_WARN_RANGE_LOOP_ANALYSIS = YES;
				CLANG_WARN_STRICT_PROTOTYPES = YES;
				CLANG_WARN_SUSPICIOUS_MOVE = YES;
				CLANG_WARN_UNGUARDED_AVAILABILITY = YES_AGGRESSIVE;
				CLANG_WARN_UNREACHABLE_CODE = YES;
				CLANG_WARN__DUPLICATE_METHOD_MATCH = YES;
				COPY_PHASE_STRIP = NO;
				DEBUG_INFORMATION_FORMAT = dwarf;
				ENABLE_STRICT_OBJC_MSGSEND = YES;
				ENABLE_TESTABILITY = YES;
				GCC_C_LANGUAGE_STANDARD = gnu11;
				GCC_DYNAMIC_NO_PIC = NO;
				GCC_NO_COMMON_BLOCKS = YES;
				GCC_OPTIMIZATION_LEVEL = 0;
				GCC_PREPROCESSOR_DEFINITIONS = (
					"DEBUG=1",
					"$(inherited)",
				);
				GCC_WARN_64_TO_32_BIT_CONVERSION = YES;
				GCC_WARN_ABOUT_RETURN_TYPE = YES_ERROR;
				GCC_WARN_UNDECLARED_SELECTOR = YES;
				GCC_WARN_UNINITIALIZED_AUTOS = YES_AGGRESSIVE;
				GCC_WARN_UNUSED_FUNCTION = YES;
				GCC_WARN_UNUSED_VARIABLE = YES;
				IPHONEOS_DEPLOYMENT_TARGET = 13.2;
				MTL_ENABLE_DEBUG_INFO = INCLUDE_SOURCE;
				MTL_FAST_MATH = YES;
				ONLY_ACTIVE_ARCH = YES;
				SDKROOT = iphoneos;
				SWIFT_ACTIVE_COMPILATION_CONDITIONS = DEBUG;
				SWIFT_OPTIMIZATION_LEVEL = "-Onone";
			};
			name = Debug;
		};
		D0D08414247D389B00611245 /* Release */ = {
			isa = XCBuildConfiguration;
			buildSettings = {
				ALWAYS_SEARCH_USER_PATHS = NO;
				CLANG_ANALYZER_NONNULL = YES;
				CLANG_ANALYZER_NUMBER_OBJECT_CONVERSION = YES_AGGRESSIVE;
				CLANG_CXX_LANGUAGE_STANDARD = "gnu++14";
				CLANG_CXX_LIBRARY = "libc++";
				CLANG_ENABLE_MODULES = YES;
				CLANG_ENABLE_OBJC_ARC = YES;
				CLANG_ENABLE_OBJC_WEAK = YES;
				CLANG_WARN_BLOCK_CAPTURE_AUTORELEASING = YES;
				CLANG_WARN_BOOL_CONVERSION = YES;
				CLANG_WARN_COMMA = YES;
				CLANG_WARN_CONSTANT_CONVERSION = YES;
				CLANG_WARN_DEPRECATED_OBJC_IMPLEMENTATIONS = YES;
				CLANG_WARN_DIRECT_OBJC_ISA_USAGE = YES_ERROR;
				CLANG_WARN_DOCUMENTATION_COMMENTS = YES;
				CLANG_WARN_EMPTY_BODY = YES;
				CLANG_WARN_ENUM_CONVERSION = YES;
				CLANG_WARN_INFINITE_RECURSION = YES;
				CLANG_WARN_INT_CONVERSION = YES;
				CLANG_WARN_NON_LITERAL_NULL_CONVERSION = YES;
				CLANG_WARN_OBJC_IMPLICIT_RETAIN_SELF = YES;
				CLANG_WARN_OBJC_LITERAL_CONVERSION = YES;
				CLANG_WARN_OBJC_ROOT_CLASS = YES_ERROR;
				CLANG_WARN_RANGE_LOOP_ANALYSIS = YES;
				CLANG_WARN_STRICT_PROTOTYPES = YES;
				CLANG_WARN_SUSPICIOUS_MOVE = YES;
				CLANG_WARN_UNGUARDED_AVAILABILITY = YES_AGGRESSIVE;
				CLANG_WARN_UNREACHABLE_CODE = YES;
				CLANG_WARN__DUPLICATE_METHOD_MATCH = YES;
				COPY_PHASE_STRIP = NO;
				DEBUG_INFORMATION_FORMAT = "dwarf-with-dsym";
				ENABLE_NS_ASSERTIONS = NO;
				ENABLE_STRICT_OBJC_MSGSEND = YES;
				GCC_C_LANGUAGE_STANDARD = gnu11;
				GCC_NO_COMMON_BLOCKS = YES;
				GCC_WARN_64_TO_32_BIT_CONVERSION = YES;
				GCC_WARN_ABOUT_RETURN_TYPE = YES_ERROR;
				GCC_WARN_UNDECLARED_SELECTOR = YES;
				GCC_WARN_UNINITIALIZED_AUTOS = YES_AGGRESSIVE;
				GCC_WARN_UNUSED_FUNCTION = YES;
				GCC_WARN_UNUSED_VARIABLE = YES;
				IPHONEOS_DEPLOYMENT_TARGET = 13.2;
				MTL_ENABLE_DEBUG_INFO = NO;
				MTL_FAST_MATH = YES;
				SDKROOT = iphoneos;
				SWIFT_COMPILATION_MODE = wholemodule;
				SWIFT_OPTIMIZATION_LEVEL = "-O";
				VALIDATE_PRODUCT = YES;
			};
			name = Release;
		};
		D0D08416247D389B00611245 /* Debug */ = {
			isa = XCBuildConfiguration;
			baseConfigurationReference = 8D69353C8A99196F2BA972D6 /* Pods-GithubRxSample.debug.xcconfig */;
			buildSettings = {
				ASSETCATALOG_COMPILER_APPICON_NAME = AppIcon;
				CODE_SIGN_STYLE = Automatic;
				DEVELOPMENT_TEAM = 8333M93278;
				INFOPLIST_FILE = GithubRxSample/Assets/Info.plist;
				LD_RUNPATH_SEARCH_PATHS = (
					"$(inherited)",
					"@executable_path/Frameworks",
				);
				PRODUCT_BUNDLE_IDENTIFIER = com.alexkrylov.GithubRxSample;
				PRODUCT_NAME = "$(TARGET_NAME)";
				SWIFT_VERSION = 5.0;
				TARGETED_DEVICE_FAMILY = "1,2";
			};
			name = Debug;
		};
		D0D08417247D389B00611245 /* Release */ = {
			isa = XCBuildConfiguration;
			baseConfigurationReference = 6D841E8621ECE9A665C944A1 /* Pods-GithubRxSample.release.xcconfig */;
			buildSettings = {
				ASSETCATALOG_COMPILER_APPICON_NAME = AppIcon;
				CODE_SIGN_STYLE = Automatic;
				DEVELOPMENT_TEAM = 8333M93278;
				INFOPLIST_FILE = GithubRxSample/Assets/Info.plist;
				LD_RUNPATH_SEARCH_PATHS = (
					"$(inherited)",
					"@executable_path/Frameworks",
				);
				PRODUCT_BUNDLE_IDENTIFIER = com.alexkrylov.GithubRxSample;
				PRODUCT_NAME = "$(TARGET_NAME)";
				SWIFT_VERSION = 5.0;
				TARGETED_DEVICE_FAMILY = "1,2";
			};
			name = Release;
		};
/* End XCBuildConfiguration section */

/* Begin XCConfigurationList section */
		D0D083FC247D389A00611245 /* Build configuration list for PBXProject "GithubRxSample" */ = {
			isa = XCConfigurationList;
			buildConfigurations = (
				D0D08413247D389B00611245 /* Debug */,
				D0D08414247D389B00611245 /* Release */,
			);
			defaultConfigurationIsVisible = 0;
			defaultConfigurationName = Release;
		};
		D0D08415247D389B00611245 /* Build configuration list for PBXNativeTarget "GithubRxSample" */ = {
			isa = XCConfigurationList;
			buildConfigurations = (
				D0D08416247D389B00611245 /* Debug */,
				D0D08417247D389B00611245 /* Release */,
			);
			defaultConfigurationIsVisible = 0;
			defaultConfigurationName = Release;
		};
/* End XCConfigurationList section */
	};
	rootObject = D0D083F9247D389A00611245 /* Project object */;
}
